
Microsoft Visual Studio Solution File, Format Version 12.00
# Visual Studio Version 16
VisualStudioVersion = 16.0.30907.101
MinimumVisualStudioVersion = 10.0.40219.1
Project("{FAE04EC0-301F-11D3-BF4B-00C04F79EFBC}") = "MVC", "MVC\MVC.csproj", "{C0EBA54E-D255-4681-BF17-DB1B434617E8}"
EndProject
Project("{FAE04EC0-301F-11D3-BF4B-00C04F79EFBC}") = "MVC.Tests", "MVC.Tests\MVC.Tests.csproj", "{F3441A12-AE60-4790-B438-28B98B90E400}"
EndProject
Global
	GlobalSection(SolutionConfigurationPlatforms) = preSolution
		Debug|Any CPU = Debug|Any CPU
		Release|Any CPU = Release|Any CPU
	EndGlobalSection
	GlobalSection(ProjectConfigurationPlatforms) = postSolution
		{C0EBA54E-D255-4681-BF17-DB1B434617E8}.Debug|Any CPU.ActiveCfg = Debug|Any CPU
		{C0EBA54E-D255-4681-BF17-DB1B434617E8}.Debug|Any CPU.Build.0 = Debug|Any CPU
		{C0EBA54E-D255-4681-BF17-DB1B434617E8}.Release|Any CPU.ActiveCfg = Release|Any CPU
		{C0EBA54E-D255-4681-BF17-DB1B434617E8}.Release|Any CPU.Build.0 = Release|Any CPU
		{F3441A12-AE60-4790-B438-28B98B90E400}.Debug|Any CPU.ActiveCfg = Debug|Any CPU
		{F3441A12-AE60-4790-B438-28B98B90E400}.Debug|Any CPU.Build.0 = Debug|Any CPU
		{F3441A12-AE60-4790-B438-28B98B90E400}.Release|Any CPU.ActiveCfg = Release|Any CPU
		{F3441A12-AE60-4790-B438-28B98B90E400}.Release|Any CPU.Build.0 = Release|Any CPU
	EndGlobalSection
	GlobalSection(SolutionProperties) = preSolution
		HideSolutionNode = FALSE
	EndGlobalSection
	GlobalSection(ExtensibilityGlobals) = postSolution
		SolutionGuid = {65A156A0-61C5-47B1-85FE-08138744F1B6}
	EndGlobalSection
EndGlobal
